{
  "originHash" : "98f3ba306a7a0568a9ef0f52a387d5289060d9bf36fbc599cb8f14585c613c04",
  "pins" : [
    {
      "identity" : "liricokit",
      "kind" : "remoteSourceControl",
      "location" : "https://github.com/fabiogaliano/LiricoKit",
      "state" : {
        "revision" : "704d95e8526d8983f068249786ceae1905dbb23f",
        "version" : "3.0.1"
      }
    },
    {
      "identity" : "mediaremote-adapter",
      "kind" : "remoteSourceControl",
      "location" : "https://github.com/MxIris-LyricsX-Project/mediaremote-adapter",
      "state" : {
        "revision" : "cfa4d37e9ebd4adf7e2d0909f99ecf25e3ccd507",
        "version" : "0.1.1"
      }
    },
    {
      "identity" : "musicplayer",
      "kind" : "remoteSourceControl",
      "location" : "https://github.com/MxIris-LyricsX-Project/MusicPlayer",
      "state" : {
        "revision" : "f220ac6c711b4b6b8175f08b4a87815d07b8c137",
        "version" : "1.8.0"
      }
    },
    {
      "identity" : "regex",
      "kind" : "remoteSourceControl",
      "location" : "https://github.com/ddddxxx/Regex",
      "state" : {
        "revision" : "c0ad0a7e9a48989d9688c2b524a1e69b6293b733",
        "version" : "1.0.1"
      }
    }
  ],
  "version" : 3
}
