{
  "originHash" : "c6325dd1e566d51fac0031ecd7233842576803e8afe6e019b50c810841191ca8",
  "pins" : [
    {
      "identity" : "liricokit",
      "kind" : "remoteSourceControl",
      "location" : "https://github.com/fabiogaliano/LiricoKit",
      "state" : {
        "revision" : "39fea5ab5ce8322327f56fcff8300ce8a2d78d91",
        "version" : "3.0.0"
      }
    },
    {
      "identity" : "mediaremote-adapter",
      "kind" : "remoteSourceControl",
      "location" : "https://github.com/MxIris-LyricsX-Project/mediaremote-adapter",
      "state" : {
        "revision" : "cfa4d37e9ebd4adf7e2d0909f99ecf25e3ccd507",
        "version" : "0.1.1"
      }
    },
    {
      "identity" : "musicplayer",
      "kind" : "remoteSourceControl",
      "location" : "https://github.com/MxIris-LyricsX-Project/MusicPlayer",
      "state" : {
        "revision" : "f220ac6c711b4b6b8175f08b4a87815d07b8c137",
        "version" : "1.8.0"
      }
    },
    {
      "identity" : "regex",
      "kind" : "remoteSourceControl",
      "location" : "https://github.com/ddddxxx/Regex",
      "state" : {
        "revision" : "c0ad0a7e9a48989d9688c2b524a1e69b6293b733",
        "version" : "1.0.1"
      }
    }
  ],
  "version" : 3
}
