{
  "originHash" : "c5cf033b2a096fcd8e6e3a5246451dac1b3a8f74c492a0d5c5b5376c85355e34",
  "pins" : [
    {
      "identity" : "genericid",
      "kind" : "remoteSourceControl",
      "location" : "https://github.com/MxIris-LyricsX-Project/GenericID",
      "state" : {
        "revision" : "fc17335a8d3dcfc4d203b8e1e374f62b468fac03",
        "version" : "1.8.0"
      }
    },
    {
      "identity" : "liricokit",
      "kind" : "remoteSourceControl",
      "location" : "https://github.com/fabiogaliano/LiricoKit",
      "state" : {
        "revision" : "39fea5ab5ce8322327f56fcff8300ce8a2d78d91",
        "version" : "3.0.0"
      }
    },
    {
      "identity" : "marqueelabel",
      "kind" : "remoteSourceControl",
      "location" : "https://github.com/MxIris-LyricsX-Project/MarqueeLabel",
      "state" : {
        "revision" : "83f13dcde8fcbc501b3ccf1cc6b278924e42024c",
        "version" : "0.1.0"
      }
    },
    {
      "identity" : "masshortcut",
      "kind" : "remoteSourceControl",
      "location" : "https://github.com/shpakovski/MASShortcut",
      "state" : {
        "branch" : "master",
        "revision" : "6f2603c6b6cc18f64a799e5d2c9d3bbc467c413a"
      }
    },
    {
      "identity" : "mediaremote-adapter",
      "kind" : "remoteSourceControl",
      "location" : "https://github.com/MxIris-LyricsX-Project/mediaremote-adapter",
      "state" : {
        "revision" : "cfa4d37e9ebd4adf7e2d0909f99ecf25e3ccd507",
        "version" : "0.1.1"
      }
    },
    {
      "identity" : "musicplayer",
      "kind" : "remoteSourceControl",
      "location" : "https://github.com/MxIris-LyricsX-Project/MusicPlayer",
      "state" : {
        "revision" : "f220ac6c711b4b6b8175f08b4a87815d07b8c137",
        "version" : "1.8.0"
      }
    },
    {
      "identity" : "regex",
      "kind" : "remoteSourceControl",
      "location" : "https://github.com/ddddxxx/Regex",
      "state" : {
        "revision" : "c0ad0a7e9a48989d9688c2b524a1e69b6293b733",
        "version" : "1.0.1"
      }
    },
    {
      "identity" : "snapkit",
      "kind" : "remoteSourceControl",
      "location" : "https://github.com/SnapKit/SnapKit",
      "state" : {
        "revision" : "2842e6e84e82eb9a8dac0100ca90d9444b0307f4",
        "version" : "5.7.1"
      }
    },
    {
      "identity" : "swiftcf",
      "kind" : "remoteSourceControl",
      "location" : "https://github.com/MxIris-Library-Forks/SwiftCF",
      "state" : {
        "revision" : "46f9d814b5197d33286235036d2e3c982e885fad",
        "version" : "0.2.2"
      }
    },
    {
      "identity" : "swiftyopencc",
      "kind" : "remoteSourceControl",
      "location" : "https://github.com/ddddxxx/SwiftyOpenCC",
      "state" : {
        "branch" : "v2.0.0-beta",
        "revision" : "1d8105a0f7199c90af722bff62728050c858e777"
      }
    }
  ],
  "version" : 3
}
